
Microsoft Visual Studio Solution File, Format Version 12.00
# Visual Studio Version 17
VisualStudioVersion = 17.8.34322.80
MinimumVisualStudioVersion = 10.0.40219.1
Project("{FAE04EC0-301F-11D3-BF4B-00C04F79EFBC}") = "GG", "GG\GG.csproj", "{755D9800-753C-41B8-A43B-B40E90095D95}"
EndProject
Project("{FAE04EC0-301F-11D3-BF4B-00C04F79EFBC}") = "Window", "Window\Window.csproj", "{746C7FE2-5B94-40EF-81FA-3B0CCE47ACD0}"
EndProject
Global
	GlobalSection(SolutionConfigurationPlatforms) = preSolution
		Debug|Any CPU = Debug|Any CPU
		Release|Any CPU = Release|Any CPU
	EndGlobalSection
	GlobalSection(ProjectConfigurationPlatforms) = postSolution
		{755D9800-753C-41B8-A43B-B40E90095D95}.Debug|Any CPU.ActiveCfg = Debug|Any CPU
		{755D9800-753C-41B8-A43B-B40E90095D95}.Debug|Any CPU.Build.0 = Debug|Any CPU
		{755D9800-753C-41B8-A43B-B40E90095D95}.Release|Any CPU.ActiveCfg = Release|Any CPU
		{755D9800-753C-41B8-A43B-B40E90095D95}.Release|Any CPU.Build.0 = Release|Any CPU
		{746C7FE2-5B94-40EF-81FA-3B0CCE47ACD0}.Debug|Any CPU.ActiveCfg = Debug|Any CPU
		{746C7FE2-5B94-40EF-81FA-3B0CCE47ACD0}.Debug|Any CPU.Build.0 = Debug|Any CPU
		{746C7FE2-5B94-40EF-81FA-3B0CCE47ACD0}.Debug|Any CPU.Deploy.0 = Debug|Any CPU
		{746C7FE2-5B94-40EF-81FA-3B0CCE47ACD0}.Release|Any CPU.ActiveCfg = Release|Any CPU
		{746C7FE2-5B94-40EF-81FA-3B0CCE47ACD0}.Release|Any CPU.Build.0 = Release|Any CPU
		{746C7FE2-5B94-40EF-81FA-3B0CCE47ACD0}.Release|Any CPU.Deploy.0 = Release|Any CPU
	EndGlobalSection
	GlobalSection(SolutionProperties) = preSolution
		HideSolutionNode = FALSE
	EndGlobalSection
	GlobalSection(ExtensibilityGlobals) = postSolution
		SolutionGuid = {15035EF9-DA86-4359-8F4F-24BAE1AF6A28}
	EndGlobalSection
EndGlobal
